{
  "requires": true,
  "lockfileVersion": 1,
  "dependencies": {
    "hermes-engine-cli": {
      "version": "0.9.0",
      "resolved": "https://registry.npmjs.org/hermes-engine-cli/-/hermes-engine-cli-0.9.0.tgz",
      "integrity": "sha512-un0lmLPuS65u1/ZuP6k3rwz6vJSjBV16pXizFXAk+cLACKLv4d5Jgs93Ce0OBJBLp17NHdkmGApJFl/6FYMHlA==",
      "dev": true
    }
  }
}
